
Microsoft Visual Studio Solution File, Format Version 12.00
# Visual Studio Version 17
VisualStudioVersion = 17.4.33213.308
MinimumVisualStudioVersion = 10.0.40219.1
Project("{888888A0-9F3D-457C-B088-3A5042F75D52}") = "Pythagorase ruut", "Pythagorase ruut.pyproj", "{6961140D-34C7-494B-935A-E9BD7B6AFE05}"
EndProject
Global
	GlobalSection(SolutionConfigurationPlatforms) = preSolution
		Debug|Any CPU = Debug|Any CPU
		Release|Any CPU = Release|Any CPU
	EndGlobalSection
	GlobalSection(ProjectConfigurationPlatforms) = postSolution
		{6961140D-34C7-494B-935A-E9BD7B6AFE05}.Debug|Any CPU.ActiveCfg = Debug|Any CPU
		{6961140D-34C7-494B-935A-E9BD7B6AFE05}.Release|Any CPU.ActiveCfg = Release|Any CPU
	EndGlobalSection
	GlobalSection(SolutionProperties) = preSolution
		HideSolutionNode = FALSE
	EndGlobalSection
	GlobalSection(ExtensibilityGlobals) = postSolution
		SolutionGuid = {406EB7C9-7266-451A-ADD6-AF958807429A}
	EndGlobalSection
EndGlobal
